// !$*UTF8*$!
{
	archiveVersion = 1;
	classes = {
	};
	objectVersion = 50;
	objects = {

/* Begin PBXBuildFile section */
		EA60B60923C3D19300061A33 /* screenshotEditWindow.swift in Sources */ = {isa = PBXBuildFile; fileRef = EA60B60723C3D19300061A33 /* screenshotEditWindow.swift */; };
		EA60B60A23C3D19300061A33 /* screenshotEditWindow.xib in Resources */ = {isa = PBXBuildFile; fileRef = EA60B60823C3D19300061A33 /* screenshotEditWindow.xib */; };
		EA7FCA0F23B52CC600CEB2E8 /* AppDelegate.swift in Sources */ = {isa = PBXBuildFile; fileRef = EA7FCA0E23B52CC600CEB2E8 /* AppDelegate.swift */; };
		EA7FCA1123B52CC600CEB2E8 /* ViewController.swift in Sources */ = {isa = PBXBuildFile; fileRef = EA7FCA1023B52CC600CEB2E8 /* ViewController.swift */; };
		EA7FCA1423B52CC600CEB2E8 /* Scrapbook.xcdatamodeld in Sources */ = {isa = PBXBuildFile; fileRef = EA7FCA1223B52CC600CEB2E8 /* Scrapbook.xcdatamodeld */; };
		EA7FCA1623B52CC800CEB2E8 /* Assets.xcassets in Resources */ = {isa = PBXBuildFile; fileRef = EA7FCA1523B52CC800CEB2E8 /* Assets.xcassets */; };
		EA7FCA1923B52CC800CEB2E8 /* Main.storyboard in Resources */ = {isa = PBXBuildFile; fileRef = EA7FCA1723B52CC800CEB2E8 /* Main.storyboard */; };
		EA7FE6FD23F0C212005EAACC /* Xcode1.scpt in Resources */ = {isa = PBXBuildFile; fileRef = EA7FE6FC23F0C000005EAACC /* Xcode1.scpt */; };
		EA7FE70023F2091F005EAACC /* OverviewWindow.swift in Sources */ = {isa = PBXBuildFile; fileRef = EA7FE6FE23F2091F005EAACC /* OverviewWindow.swift */; };
		EA7FE70123F2091F005EAACC /* OverviewWindow.xib in Resources */ = {isa = PBXBuildFile; fileRef = EA7FE6FF23F2091F005EAACC /* OverviewWindow.xib */; };
		EA7FE70423F20BA1005EAACC /* OverviewSecond.swift in Sources */ = {isa = PBXBuildFile; fileRef = EA7FE70223F20BA1005EAACC /* OverviewSecond.swift */; };
		EA7FE70523F20BA1005EAACC /* OverviewSecond.xib in Resources */ = {isa = PBXBuildFile; fileRef = EA7FE70323F20BA1005EAACC /* OverviewSecond.xib */; };
		EAD90F2723BA9D53008ACCAE /* jsonfile.swift in Sources */ = {isa = PBXBuildFile; fileRef = EAD90F2623BA9D53008ACCAE /* jsonfile.swift */; };
		EAD90F2923BAA56C008ACCAE /* takeScreenShot.swift in Sources */ = {isa = PBXBuildFile; fileRef = EAD90F2823BAA56C008ACCAE /* takeScreenShot.swift */; };
		EAD90F2B23BE7EDF008ACCAE /* SoftwareClassification.swift in Sources */ = {isa = PBXBuildFile; fileRef = EAD90F2A23BE7EDF008ACCAE /* SoftwareClassification.swift */; };
		EAE5E90723D79B4F001DC791 /* SoftwareAppleScript.swift in Sources */ = {isa = PBXBuildFile; fileRef = EAE5E90623D79B4F001DC791 /* SoftwareAppleScript.swift */; };
		EAEA0B9F23EF7ECD005B483E /* readcsvFile.swift in Sources */ = {isa = PBXBuildFile; fileRef = EAEA0B9E23EF7ECD005B483E /* readcsvFile.swift */; };
		EAEA0BA223EF830F005B483E /* applescript.csv in Resources */ = {isa = PBXBuildFile; fileRef = EAEA0BA123EF830F005B483E /* applescript.csv */; };
/* End PBXBuildFile section */

/* Begin PBXContainerItemProxy section */
		EAAEE3A123CE6F7100A49238 /* PBXContainerItemProxy */ = {
			isa = PBXContainerItemProxy;
			containerPortal = EAAEE39C23CE6F7100A49238 /* ScreenCapture.xcodeproj */;
			proxyType = 2;
			remoteGlobalIDString = 047C40AB1C1A294700D6B267;
			remoteInfo = ScreenCapture;
		};
		EAAEE3A323CE6F7100A49238 /* PBXContainerItemProxy */ = {
			isa = PBXContainerItemProxy;
			containerPortal = EAAEE39C23CE6F7100A49238 /* ScreenCapture.xcodeproj */;
			proxyType = 2;
			remoteGlobalIDString = 047C40CB1C1A2AFA00D6B267;
			remoteInfo = Example;
		};
		EAAEE3A623CE6FB300A49238 /* PBXContainerItemProxy */ = {
			isa = PBXContainerItemProxy;
			containerPortal = EAAEE39C23CE6F7100A49238 /* ScreenCapture.xcodeproj */;
			proxyType = 1;
			remoteGlobalIDString = 047C40AA1C1A294700D6B267;
			remoteInfo = ScreenCapture;
		};
/* End PBXContainerItemProxy section */

/* Begin PBXFileReference section */
		EA60B60723C3D19300061A33 /* screenshotEditWindow.swift */ = {isa = PBXFileReference; lastKnownFileType = sourcecode.swift; path = screenshotEditWindow.swift; sourceTree = "<group>"; };
		EA60B60823C3D19300061A33 /* screenshotEditWindow.xib */ = {isa = PBXFileReference; lastKnownFileType = file.xib; path = screenshotEditWindow.xib; sourceTree = "<group>"; };
		EA7FCA0B23B52CC600CEB2E8 /* Scrapbook.app */ = {isa = PBXFileReference; explicitFileType = wrapper.application; includeInIndex = 0; path = Scrapbook.app; sourceTree = BUILT_PRODUCTS_DIR; };
		EA7FCA0E23B52CC600CEB2E8 /* AppDelegate.swift */ = {isa = PBXFileReference; lastKnownFileType = sourcecode.swift; path = AppDelegate.swift; sourceTree = "<group>"; };
		EA7FCA1023B52CC600CEB2E8 /* ViewController.swift */ = {isa = PBXFileReference; lastKnownFileType = sourcecode.swift; path = ViewController.swift; sourceTree = "<group>"; };
		EA7FCA1323B52CC600CEB2E8 /* Scrapbook.xcdatamodel */ = {isa = PBXFileReference; lastKnownFileType = wrapper.xcdatamodel; path = Scrapbook.xcdatamodel; sourceTree = "<group>"; };
		EA7FCA1523B52CC800CEB2E8 /* Assets.xcassets */ = {isa = PBXFileReference; lastKnownFileType = folder.assetcatalog; path = Assets.xcassets; sourceTree = "<group>"; };
		EA7FCA1823B52CC800CEB2E8 /* Base */ = {isa = PBXFileReference; lastKnownFileType = file.storyboard; name = Base; path = Base.lproj/Main.storyboard; sourceTree = "<group>"; };
		EA7FCA1A23B52CC800CEB2E8 /* Info.plist */ = {isa = PBXFileReference; lastKnownFileType = text.plist.xml; path = Info.plist; sourceTree = "<group>"; };
		EA7FCA1B23B52CC800CEB2E8 /* Scrapbook.entitlements */ = {isa = PBXFileReference; lastKnownFileType = text.plist.entitlements; path = Scrapbook.entitlements; sourceTree = "<group>"; };
		EA7FE6FC23F0C000005EAACC /* Xcode1.scpt */ = {isa = PBXFileReference; lastKnownFileType = file; path = Xcode1.scpt; sourceTree = "<group>"; };
		EA7FE6FE23F2091F005EAACC /* OverviewWindow.swift */ = {isa = PBXFileReference; lastKnownFileType = sourcecode.swift; path = OverviewWindow.swift; sourceTree = "<group>"; };
		EA7FE6FF23F2091F005EAACC /* OverviewWindow.xib */ = {isa = PBXFileReference; lastKnownFileType = file.xib; path = OverviewWindow.xib; sourceTree = "<group>"; };
		EA7FE70223F20BA1005EAACC /* OverviewSecond.swift */ = {isa = PBXFileReference; lastKnownFileType = sourcecode.swift; path = OverviewSecond.swift; sourceTree = "<group>"; };
		EA7FE70323F20BA1005EAACC /* OverviewSecond.xib */ = {isa = PBXFileReference; lastKnownFileType = file.xib; path = OverviewSecond.xib; sourceTree = "<group>"; };
		EAAEE39C23CE6F7100A49238 /* ScreenCapture.xcodeproj */ = {isa = PBXFileReference; lastKnownFileType = "wrapper.pb-project"; name = ScreenCapture.xcodeproj; path = "../../../Downloads/swift-screencapture-master/ScreenCapture.xcodeproj"; sourceTree = "<group>"; };
		EAD90F2623BA9D53008ACCAE /* jsonfile.swift */ = {isa = PBXFileReference; lastKnownFileType = sourcecode.swift; path = jsonfile.swift; sourceTree = "<group>"; };
		EAD90F2823BAA56C008ACCAE /* takeScreenShot.swift */ = {isa = PBXFileReference; lastKnownFileType = sourcecode.swift; path = takeScreenShot.swift; sourceTree = "<group>"; };
		EAD90F2A23BE7EDF008ACCAE /* SoftwareClassification.swift */ = {isa = PBXFileReference; lastKnownFileType = sourcecode.swift; path = SoftwareClassification.swift; sourceTree = "<group>"; };
		EAE5E90623D79B4F001DC791 /* SoftwareAppleScript.swift */ = {isa = PBXFileReference; lastKnownFileType = sourcecode.swift; path = SoftwareAppleScript.swift; sourceTree = "<group>"; };
		EAEA0B9E23EF7ECD005B483E /* readcsvFile.swift */ = {isa = PBXFileReference; lastKnownFileType = sourcecode.swift; path = readcsvFile.swift; sourceTree = "<group>"; };
		EAEA0BA123EF830F005B483E /* applescript.csv */ = {isa = PBXFileReference; fileEncoding = 4; lastKnownFileType = text; path = applescript.csv; sourceTree = "<group>"; };
/* End PBXFileReference section */

/* Begin PBXFrameworksBuildPhase section */
		EA7FCA0823B52CC600CEB2E8 /* Frameworks */ = {
			isa = PBXFrameworksBuildPhase;
			buildActionMask = 2147483647;
			files = (
			);
			runOnlyForDeploymentPostprocessing = 0;
		};
/* End PBXFrameworksBuildPhase section */

/* Begin PBXGroup section */
		EA7FCA0223B52CC600CEB2E8 = {
			isa = PBXGroup;
			children = (
				EA7FE6FB23F0BFD3005EAACC /* applescript */,
				EAAEE39C23CE6F7100A49238 /* ScreenCapture.xcodeproj */,
				EA7FCA0D23B52CC600CEB2E8 /* Scrapbook */,
				EA7FCA0C23B52CC600CEB2E8 /* Products */,
			);
			sourceTree = "<group>";
		};
		EA7FCA0C23B52CC600CEB2E8 /* Products */ = {
			isa = PBXGroup;
			children = (
				EA7FCA0B23B52CC600CEB2E8 /* Scrapbook.app */,
			);
			name = Products;
			sourceTree = "<group>";
		};
		EA7FCA0D23B52CC600CEB2E8 /* Scrapbook */ = {
			isa = PBXGroup;
			children = (
				EA7FCA0E23B52CC600CEB2E8 /* AppDelegate.swift */,
				EA7FCA1023B52CC600CEB2E8 /* ViewController.swift */,
				EA7FCA1523B52CC800CEB2E8 /* Assets.xcassets */,
				EA7FCA1723B52CC800CEB2E8 /* Main.storyboard */,
				EA7FCA1A23B52CC800CEB2E8 /* Info.plist */,
				EA7FCA1B23B52CC800CEB2E8 /* Scrapbook.entitlements */,
				EA7FCA1223B52CC600CEB2E8 /* Scrapbook.xcdatamodeld */,
				EAD90F2623BA9D53008ACCAE /* jsonfile.swift */,
				EAD90F2823BAA56C008ACCAE /* takeScreenShot.swift */,
				EAD90F2A23BE7EDF008ACCAE /* SoftwareClassification.swift */,
				EA60B60723C3D19300061A33 /* screenshotEditWindow.swift */,
				EA60B60823C3D19300061A33 /* screenshotEditWindow.xib */,
				EAE5E90623D79B4F001DC791 /* SoftwareAppleScript.swift */,
				EAEA0B9E23EF7ECD005B483E /* readcsvFile.swift */,
				EAEA0BA123EF830F005B483E /* applescript.csv */,
				EA7FE6FE23F2091F005EAACC /* OverviewWindow.swift */,
				EA7FE6FF23F2091F005EAACC /* OverviewWindow.xib */,
				EA7FE70223F20BA1005EAACC /* OverviewSecond.swift */,
				EA7FE70323F20BA1005EAACC /* OverviewSecond.xib */,
			);
			path = Scrapbook;
			sourceTree = "<group>";
		};
		EA7FE6FB23F0BFD3005EAACC /* applescript */ = {
			isa = PBXGroup;
			children = (
				EA7FE6FC23F0C000005EAACC /* Xcode1.scpt */,
			);
			path = applescript;
			sourceTree = "<group>";
		};
		EAAEE39D23CE6F7100A49238 /* Products */ = {
			isa = PBXGroup;
			children = (
				EAAEE3A223CE6F7100A49238 /* ScreenCapture.framework */,
				EAAEE3A423CE6F7100A49238 /* Example.app */,
			);
			name = Products;
			sourceTree = "<group>";
		};
/* End PBXGroup section */

/* Begin PBXNativeTarget section */
		EA7FCA0A23B52CC600CEB2E8 /* Scrapbook */ = {
			isa = PBXNativeTarget;
			buildConfigurationList = EA7FCA1E23B52CC800CEB2E8 /* Build configuration list for PBXNativeTarget "Scrapbook" */;
			buildPhases = (
				EA7FCA0723B52CC600CEB2E8 /* Sources */,
				EA7FCA0823B52CC600CEB2E8 /* Frameworks */,
				EA7FCA0923B52CC600CEB2E8 /* Resources */,
			);
			buildRules = (
			);
			dependencies = (
				EAAEE3A723CE6FB300A49238 /* PBXTargetDependency */,
			);
			name = Scrapbook;
			productName = Scrapbook;
			productReference = EA7FCA0B23B52CC600CEB2E8 /* Scrapbook.app */;
			productType = "com.apple.product-type.application";
		};
/* End PBXNativeTarget section */

/* Begin PBXProject section */
		EA7FCA0323B52CC600CEB2E8 /* Project object */ = {
			isa = PBXProject;
			attributes = {
				LastSwiftUpdateCheck = 1120;
				LastUpgradeCheck = 1120;
				ORGANIZATIONNAME = "Donghan Hu";
				TargetAttributes = {
					EA7FCA0A23B52CC600CEB2E8 = {
						CreatedOnToolsVersion = 11.2;
					};
				};
			};
			buildConfigurationList = EA7FCA0623B52CC600CEB2E8 /* Build configuration list for PBXProject "Scrapbook" */;
			compatibilityVersion = "Xcode 9.3";
			developmentRegion = en;
			hasScannedForEncodings = 0;
			knownRegions = (
				en,
				Base,
			);
			mainGroup = EA7FCA0223B52CC600CEB2E8;
			productRefGroup = EA7FCA0C23B52CC600CEB2E8 /* Products */;
			projectDirPath = "";
			projectReferences = (
				{
					ProductGroup = EAAEE39D23CE6F7100A49238 /* Products */;
					ProjectRef = EAAEE39C23CE6F7100A49238 /* ScreenCapture.xcodeproj */;
				},
			);
			projectRoot = "";
			targets = (
				EA7FCA0A23B52CC600CEB2E8 /* Scrapbook */,
			);
		};
/* End PBXProject section */

/* Begin PBXReferenceProxy section */
		EAAEE3A223CE6F7100A49238 /* ScreenCapture.framework */ = {
			isa = PBXReferenceProxy;
			fileType = wrapper.framework;
			path = ScreenCapture.framework;
			remoteRef = EAAEE3A123CE6F7100A49238 /* PBXContainerItemProxy */;
			sourceTree = BUILT_PRODUCTS_DIR;
		};
		EAAEE3A423CE6F7100A49238 /* Example.app */ = {
			isa = PBXReferenceProxy;
			fileType = wrapper.application;
			path = Example.app;
			remoteRef = EAAEE3A323CE6F7100A49238 /* PBXContainerItemProxy */;
			sourceTree = BUILT_PRODUCTS_DIR;
		};
/* End PBXReferenceProxy section */

/* Begin PBXResourcesBuildPhase section */
		EA7FCA0923B52CC600CEB2E8 /* Resources */ = {
			isa = PBXResourcesBuildPhase;
			buildActionMask = 2147483647;
			files = (
				EAEA0BA223EF830F005B483E /* applescript.csv in Resources */,
				EA7FCA1623B52CC800CEB2E8 /* Assets.xcassets in Resources */,
				EA7FE70123F2091F005EAACC /* OverviewWindow.xib in Resources */,
				EA7FE6FD23F0C212005EAACC /* Xcode1.scpt in Resources */,
				EA60B60A23C3D19300061A33 /* screenshotEditWindow.xib in Resources */,
				EA7FE70523F20BA1005EAACC /* OverviewSecond.xib in Resources */,
				EA7FCA1923B52CC800CEB2E8 /* Main.storyboard in Resources */,
			);
			runOnlyForDeploymentPostprocessing = 0;
		};
/* End PBXResourcesBuildPhase section */

/* Begin PBXSourcesBuildPhase section */
		EA7FCA0723B52CC600CEB2E8 /* Sources */ = {
			isa = PBXSourcesBuildPhase;
			buildActionMask = 2147483647;
			files = (
				EAD90F2B23BE7EDF008ACCAE /* SoftwareClassification.swift in Sources */,
				EA60B60923C3D19300061A33 /* screenshotEditWindow.swift in Sources */,
				EA7FCA1123B52CC600CEB2E8 /* ViewController.swift in Sources */,
				EA7FE70423F20BA1005EAACC /* OverviewSecond.swift in Sources */,
				EAD90F2923BAA56C008ACCAE /* takeScreenShot.swift in Sources */,
				EAEA0B9F23EF7ECD005B483E /* readcsvFile.swift in Sources */,
				EAD90F2723BA9D53008ACCAE /* jsonfile.swift in Sources */,
				EA7FE70023F2091F005EAACC /* OverviewWindow.swift in Sources */,
				EA7FCA1423B52CC600CEB2E8 /* Scrapbook.xcdatamodeld in Sources */,
				EAE5E90723D79B4F001DC791 /* SoftwareAppleScript.swift in Sources */,
				EA7FCA0F23B52CC600CEB2E8 /* AppDelegate.swift in Sources */,
			);
			runOnlyForDeploymentPostprocessing = 0;
		};
/* End PBXSourcesBuildPhase section */

/* Begin PBXTargetDependency section */
		EAAEE3A723CE6FB300A49238 /* PBXTargetDependency */ = {
			isa = PBXTargetDependency;
			name = ScreenCapture;
			targetProxy = EAAEE3A623CE6FB300A49238 /* PBXContainerItemProxy */;
		};
/* End PBXTargetDependency section */

/* Begin PBXVariantGroup section */
		EA7FCA1723B52CC800CEB2E8 /* Main.storyboard */ = {
			isa = PBXVariantGroup;
			children = (
				EA7FCA1823B52CC800CEB2E8 /* Base */,
			);
			name = Main.storyboard;
			sourceTree = "<group>";
		};
/* End PBXVariantGroup section */

/* Begin XCBuildConfiguration section */
		EA7FCA1C23B52CC800CEB2E8 /* Debug */ = {
			isa = XCBuildConfiguration;
			buildSettings = {
				ALWAYS_SEARCH_USER_PATHS = NO;
				CLANG_ANALYZER_NONNULL = YES;
				CLANG_ANALYZER_NUMBER_OBJECT_CONVERSION = YES_AGGRESSIVE;
				CLANG_CXX_LANGUAGE_STANDARD = "gnu++14";
				CLANG_CXX_LIBRARY = "libc++";
				CLANG_ENABLE_MODULES = YES;
				CLANG_ENABLE_OBJC_ARC = YES;
				CLANG_ENABLE_OBJC_WEAK = YES;
				CLANG_WARN_BLOCK_CAPTURE_AUTORELEASING = YES;
				CLANG_WARN_BOOL_CONVERSION = YES;
				CLANG_WARN_COMMA = YES;
				CLANG_WARN_CONSTANT_CONVERSION = YES;
				CLANG_WARN_DEPRECATED_OBJC_IMPLEMENTATIONS = YES;
				CLANG_WARN_DIRECT_OBJC_ISA_USAGE = YES_ERROR;
				CLANG_WARN_DOCUMENTATION_COMMENTS = YES;
				CLANG_WARN_EMPTY_BODY = YES;
				CLANG_WARN_ENUM_CONVERSION = YES;
				CLANG_WARN_INFINITE_RECURSION = YES;
				CLANG_WARN_INT_CONVERSION = YES;
				CLANG_WARN_NON_LITERAL_NULL_CONVERSION = YES;
				CLANG_WARN_OBJC_IMPLICIT_RETAIN_SELF = YES;
				CLANG_WARN_OBJC_LITERAL_CONVERSION = YES;
				CLANG_WARN_OBJC_ROOT_CLASS = YES_ERROR;
				CLANG_WARN_RANGE_LOOP_ANALYSIS = YES;
				CLANG_WARN_STRICT_PROTOTYPES = YES;
				CLANG_WARN_SUSPICIOUS_MOVE = YES;
				CLANG_WARN_UNGUARDED_AVAILABILITY = YES_AGGRESSIVE;
				CLANG_WARN_UNREACHABLE_CODE = YES;
				CLANG_WARN__DUPLICATE_METHOD_MATCH = YES;
				COPY_PHASE_STRIP = NO;
				DEBUG_INFORMATION_FORMAT = dwarf;
				ENABLE_STRICT_OBJC_MSGSEND = YES;
				ENABLE_TESTABILITY = YES;
				GCC_C_LANGUAGE_STANDARD = gnu11;
				GCC_DYNAMIC_NO_PIC = NO;
				GCC_NO_COMMON_BLOCKS = YES;
				GCC_OPTIMIZATION_LEVEL = 0;
				GCC_PREPROCESSOR_DEFINITIONS = (
					"DEBUG=1",
					"$(inherited)",
				);
				GCC_WARN_64_TO_32_BIT_CONVERSION = YES;
				GCC_WARN_ABOUT_RETURN_TYPE = YES_ERROR;
				GCC_WARN_UNDECLARED_SELECTOR = YES;
				GCC_WARN_UNINITIALIZED_AUTOS = YES_AGGRESSIVE;
				GCC_WARN_UNUSED_FUNCTION = YES;
				GCC_WARN_UNUSED_VARIABLE = YES;
				MACOSX_DEPLOYMENT_TARGET = 10.14;
				MTL_ENABLE_DEBUG_INFO = INCLUDE_SOURCE;
				MTL_FAST_MATH = YES;
				ONLY_ACTIVE_ARCH = YES;
				SDKROOT = macosx;
				SWIFT_ACTIVE_COMPILATION_CONDITIONS = DEBUG;
				SWIFT_OPTIMIZATION_LEVEL = "-Onone";
			};
			name = Debug;
		};
		EA7FCA1D23B52CC800CEB2E8 /* Release */ = {
			isa = XCBuildConfiguration;
			buildSettings = {
				ALWAYS_SEARCH_USER_PATHS = NO;
				CLANG_ANALYZER_NONNULL = YES;
				CLANG_ANALYZER_NUMBER_OBJECT_CONVERSION = YES_AGGRESSIVE;
				CLANG_CXX_LANGUAGE_STANDARD = "gnu++14";
				CLANG_CXX_LIBRARY = "libc++";
				CLANG_ENABLE_MODULES = YES;
				CLANG_ENABLE_OBJC_ARC = YES;
				CLANG_ENABLE_OBJC_WEAK = YES;
				CLANG_WARN_BLOCK_CAPTURE_AUTORELEASING = YES;
				CLANG_WARN_BOOL_CONVERSION = YES;
				CLANG_WARN_COMMA = YES;
				CLANG_WARN_CONSTANT_CONVERSION = YES;
				CLANG_WARN_DEPRECATED_OBJC_IMPLEMENTATIONS = YES;
				CLANG_WARN_DIRECT_OBJC_ISA_USAGE = YES_ERROR;
				CLANG_WARN_DOCUMENTATION_COMMENTS = YES;
				CLANG_WARN_EMPTY_BODY = YES;
				CLANG_WARN_ENUM_CONVERSION = YES;
				CLANG_WARN_INFINITE_RECURSION = YES;
				CLANG_WARN_INT_CONVERSION = YES;
				CLANG_WARN_NON_LITERAL_NULL_CONVERSION = YES;
				CLANG_WARN_OBJC_IMPLICIT_RETAIN_SELF = YES;
				CLANG_WARN_OBJC_LITERAL_CONVERSION = YES;
				CLANG_WARN_OBJC_ROOT_CLASS = YES_ERROR;
				CLANG_WARN_RANGE_LOOP_ANALYSIS = YES;
				CLANG_WARN_STRICT_PROTOTYPES = YES;
				CLANG_WARN_SUSPICIOUS_MOVE = YES;
				CLANG_WARN_UNGUARDED_AVAILABILITY = YES_AGGRESSIVE;
				CLANG_WARN_UNREACHABLE_CODE = YES;
				CLANG_WARN__DUPLICATE_METHOD_MATCH = YES;
				COPY_PHASE_STRIP = NO;
				DEBUG_INFORMATION_FORMAT = "dwarf-with-dsym";
				ENABLE_NS_ASSERTIONS = NO;
				ENABLE_STRICT_OBJC_MSGSEND = YES;
				GCC_C_LANGUAGE_STANDARD = gnu11;
				GCC_NO_COMMON_BLOCKS = YES;
				GCC_WARN_64_TO_32_BIT_CONVERSION = YES;
				GCC_WARN_ABOUT_RETURN_TYPE = YES_ERROR;
				GCC_WARN_UNDECLARED_SELECTOR = YES;
				GCC_WARN_UNINITIALIZED_AUTOS = YES_AGGRESSIVE;
				GCC_WARN_UNUSED_FUNCTION = YES;
				GCC_WARN_UNUSED_VARIABLE = YES;
				MACOSX_DEPLOYMENT_TARGET = 10.14;
				MTL_ENABLE_DEBUG_INFO = NO;
				MTL_FAST_MATH = YES;
				SDKROOT = macosx;
				SWIFT_COMPILATION_MODE = wholemodule;
				SWIFT_OPTIMIZATION_LEVEL = "-O";
			};
			name = Release;
		};
		EA7FCA1F23B52CC800CEB2E8 /* Debug */ = {
			isa = XCBuildConfiguration;
			buildSettings = {
				ASSETCATALOG_COMPILER_APPICON_NAME = AppIcon;
				CODE_SIGN_ENTITLEMENTS = Scrapbook/Scrapbook.entitlements;
				CODE_SIGN_STYLE = Automatic;
				COMBINE_HIDPI_IMAGES = YES;
				ENABLE_HARDENED_RUNTIME = NO;
				INFOPLIST_FILE = Scrapbook/Info.plist;
				LD_RUNPATH_SEARCH_PATHS = (
					"$(inherited)",
					"@executable_path/../Frameworks",
				);
				PRODUCT_BUNDLE_IDENTIFIER = "Donghan-Hu.Scrapbook";
				PRODUCT_NAME = "$(TARGET_NAME)";
				SWIFT_VERSION = 5.0;
			};
			name = Debug;
		};
		EA7FCA2023B52CC800CEB2E8 /* Release */ = {
			isa = XCBuildConfiguration;
			buildSettings = {
				ASSETCATALOG_COMPILER_APPICON_NAME = AppIcon;
				CODE_SIGN_ENTITLEMENTS = Scrapbook/Scrapbook.entitlements;
				CODE_SIGN_STYLE = Automatic;
				COMBINE_HIDPI_IMAGES = YES;
				ENABLE_HARDENED_RUNTIME = NO;
				INFOPLIST_FILE = Scrapbook/Info.plist;
				LD_RUNPATH_SEARCH_PATHS = (
					"$(inherited)",
					"@executable_path/../Frameworks",
				);
				PRODUCT_BUNDLE_IDENTIFIER = "Donghan-Hu.Scrapbook";
				PRODUCT_NAME = "$(TARGET_NAME)";
				SWIFT_VERSION = 5.0;
			};
			name = Release;
		};
/* End XCBuildConfiguration section */

/* Begin XCConfigurationList section */
		EA7FCA0623B52CC600CEB2E8 /* Build configuration list for PBXProject "Scrapbook" */ = {
			isa = XCConfigurationList;
			buildConfigurations = (
				EA7FCA1C23B52CC800CEB2E8 /* Debug */,
				EA7FCA1D23B52CC800CEB2E8 /* Release */,
			);
			defaultConfigurationIsVisible = 0;
			defaultConfigurationName = Release;
		};
		EA7FCA1E23B52CC800CEB2E8 /* Build configuration list for PBXNativeTarget "Scrapbook" */ = {
			isa = XCConfigurationList;
			buildConfigurations = (
				EA7FCA1F23B52CC800CEB2E8 /* Debug */,
				EA7FCA2023B52CC800CEB2E8 /* Release */,
			);
			defaultConfigurationIsVisible = 0;
			defaultConfigurationName = Release;
		};
/* End XCConfigurationList section */

/* Begin XCVersionGroup section */
		EA7FCA1223B52CC600CEB2E8 /* Scrapbook.xcdatamodeld */ = {
			isa = XCVersionGroup;
			children = (
				EA7FCA1323B52CC600CEB2E8 /* Scrapbook.xcdatamodel */,
			);
			currentVersion = EA7FCA1323B52CC600CEB2E8 /* Scrapbook.xcdatamodel */;
			path = Scrapbook.xcdatamodeld;
			sourceTree = "<group>";
			versionGroupType = wrapper.xcdatamodel;
		};
/* End XCVersionGroup section */
	};
	rootObject = EA7FCA0323B52CC600CEB2E8 /* Project object */;
}
